PODS:
  - ADMozaicCollectionViewLayout (4.0.4)
  - Alamofire (4.7.3)
  - AWSCognito (2.6.32):
    - AWSCore (= 2.6.32)
  - AWSCore (2.6.32)
  - AWSS3 (2.6.32):
    - AWSCore (= 2.6.32)
  - Branch (0.25.2):
    - Branch/Core (= 0.25.2)
  - Branch/Core (0.25.2)
  - BulletinBoard (1.3.0)
  - Cache (4.1.2)
  - Crashlytics (3.10.5):
    - Fabric (~> 1.7.9)
  - CryptoSwift (0.8.3)
  - DeviceKit (1.9.0)
  - Fabric (1.7.9)
  - GoogleMaps (2.7.0):
    - GoogleMaps/Maps (= 2.7.0)
  - GoogleMaps/Base (2.7.0)
  - GoogleMaps/Maps (2.7.0):
    - GoogleMaps/Base
  - IGListKit (3.4.0):
    - IGListKit/Default (= 3.4.0)
  - IGListKit/Default (3.4.0):
    - IGListKit/Diffing
  - IGListKit/Diffing (3.4.0)
  - Kingfisher (4.8.1)
  - lottie-ios (2.5.0)
  - Marshal (1.2.7)
  - MessageKit (0.13.1)
  - OnlyPictures (1.1.2)
  - OpalImagePicker (1.5.0)
  - PKHUD (5.2.0)
  - SKPhotoBrowser (5.0.0)
  - SnapKit (4.0.1)
  - StaticMapRequestBuilder (1.0.0)
  - Stripe (13.1.0)
  - SwiftDate (4.5.1)
  - SZMentionsSwift (1.1.3)
  - TagListView (1.3.1)

DEPENDENCIES:
  - ADMozaicCollectionViewLayout (~> 4.0)
  - Alamofire
  - AWSCognito
  - AWSCore
  - AWSS3
  - Branch
  - BulletinBoard (= 1.3.0)
  - Cache (~> 4.1.2)
  - Crashlytics
  - CryptoSwift (~> 0.8.2)
  - DeviceKit
  - GoogleMaps
  - IGListKit (~> 3.0)
  - Kingfisher
  - lottie-ios
  - Marshal (~> 1.2)
  - MessageKit (= 0.13.1)
  - OnlyPictures
  - OpalImagePicker (= 1.5.0)
  - PKHUD
  - SKPhotoBrowser (= 5.0.0)
  - SnapKit
  - StaticMapRequestBuilder
  - Stripe
  - SwiftDate (~> 4.5.1)
  - SZMentionsSwift (= 1.1.3)
  - TagListView (~> 1.0)

SPEC REPOS:
  https://github.com/cocoapods/specs.git:
    - ADMozaicCollectionViewLayout
    - Alamofire
    - AWSCognito
    - AWSCore
    - AWSS3
    - Branch
    - BulletinBoard
    - Cache
    - Crashlytics
    - CryptoSwift
    - DeviceKit
    - Fabric
    - GoogleMaps
    - IGListKit
    - Kingfisher
    - lottie-ios
    - Marshal
    - MessageKit
    - OnlyPictures
    - OpalImagePicker
    - PKHUD
    - SKPhotoBrowser
    - SnapKit
    - StaticMapRequestBuilder
    - Stripe
    - SwiftDate
    - SZMentionsSwift
    - TagListView

SPEC CHECKSUMS:
  ADMozaicCollectionViewLayout: 3145a65a65e5f1f5dc22dd31b2e9a03407259adf
  Alamofire: c7287b6e5d7da964a70935e5db17046b7fde6568
  AWSCognito: 68f76e8e72ec28845fb60f88f6a76c65caf68aef
  AWSCore: bfb49938a3a4eb190bc68edf1fa9e90969de8fa2
  AWSS3: 5c2c57693f78ef3930bc6e267a1702182f3ceaa1
  Branch: d6f6bd3e5c604e1771a175da62befdeb084c685c
  BulletinBoard: 23c9d98cac654fd484d76f2a0655669974e9bd9c
  Cache: bd0233fc688b5e83a27bcd87807db7e6f23adcc5
  Crashlytics: 7f2e38d302d9da96475b3d64d86fb29e31a542b7
  CryptoSwift: 033efc3523865d19cc6ab6612fa17a62613b5dfa
  DeviceKit: a376cb3d0dda0c27c81dcc0d2b7b8600b6802065
  Fabric: a2917d3895e4c1569b9c3170de7320ea1b1e6661
  GoogleMaps: f79af95cb24d869457b1f961c93d3ce8b2f3b848
  IGListKit: 7a5d788e9fb746bcd402baa8e8b24bc3bd2a5a07
  Kingfisher: 868c1149679a7ab6869be118faa9b5aed154aaf0
  lottie-ios: d699fdee68d7b63e721d949388b015fef1aaa4ac
  Marshal: ef480864a6af10a63f67be7e55bb5d8fe67a16d9
  MessageKit: fc74d71d9b05385138d47b3a4b7beef5c687daf1
  OnlyPictures: c819b67e20f45493d49f38f4de5e630b7e8cbae0
  OpalImagePicker: 0fb2caaa4386524eef1b7979aebebd3ad0a27ef1
  PKHUD: dd5357ac65f26115c35c4a68e9b328053326c5fe
  SKPhotoBrowser: fe936f878955a568c726bf05d14e1d2717d91ce0
  SnapKit: 0de968a9fec17499afa29683b05d0c775b6d1c29
  StaticMapRequestBuilder: bcd50f88790e0694c160c704dda86327cff5a5f5
  Stripe: 4f043bb840721b1f30492fa77790bbf9e3508ab0
  SwiftDate: 7b56d42a221f582047287deb256b23fc5ed49a60
  SZMentionsSwift: 7515d28fcd3152c4a57a535a6fa915c51839ef21
  TagListView: 6dafd34a61021c6db72c0c8e3a044054c9854311

PODFILE CHECKSUM: 5f80fbeb6138e20f05ce357247e48b5935d65f65

COCOAPODS: 1.5.3
